
Microsoft Visual Studio Solution File, Format Version 12.00
Project("{FAE04EC0-301F-11D3-BF4B-00C04F79EFBC}") = "passwordvault_presentation", "passwordvault_presentation\passwordvault_presentation.csproj", "{FF18B863-79E6-401C-882E-ECD88C108A83}"
EndProject
Project("{FAE04EC0-301F-11D3-BF4B-00C04F79EFBC}") = "passwordvault_dataaccess", "passwordvault_dataaccess\passwordvault_dataaccess.csproj", "{81E67AB3-3391-4065-8E54-E1871FE0BBBB}"
EndProject
Project("{FAE04EC0-301F-11D3-BF4B-00C04F79EFBC}") = "passwordvault_domain", "passwordvault_domain\passwordvault_domain.csproj", "{65F420F0-650E-4558-906E-777CB8621774}"
EndProject
Project("{FAE04EC0-301F-11D3-BF4B-00C04F79EFBC}") = "passwordvault_tests", "passwordvault_tests\passwordvault_tests.csproj", "{9B912954-3104-40E2-9E5E-FFFE7C466166}"
EndProject
Global
	GlobalSection(SolutionConfigurationPlatforms) = preSolution
		Debug|Any CPU = Debug|Any CPU
		Release|Any CPU = Release|Any CPU
	EndGlobalSection
	GlobalSection(ProjectConfigurationPlatforms) = postSolution
		{FF18B863-79E6-401C-882E-ECD88C108A83}.Debug|Any CPU.ActiveCfg = Debug|Any CPU
		{FF18B863-79E6-401C-882E-ECD88C108A83}.Debug|Any CPU.Build.0 = Debug|Any CPU
		{FF18B863-79E6-401C-882E-ECD88C108A83}.Release|Any CPU.ActiveCfg = Release|Any CPU
		{FF18B863-79E6-401C-882E-ECD88C108A83}.Release|Any CPU.Build.0 = Release|Any CPU
		{81E67AB3-3391-4065-8E54-E1871FE0BBBB}.Debug|Any CPU.ActiveCfg = Debug|Any CPU
		{81E67AB3-3391-4065-8E54-E1871FE0BBBB}.Debug|Any CPU.Build.0 = Debug|Any CPU
		{81E67AB3-3391-4065-8E54-E1871FE0BBBB}.Release|Any CPU.ActiveCfg = Release|Any CPU
		{81E67AB3-3391-4065-8E54-E1871FE0BBBB}.Release|Any CPU.Build.0 = Release|Any CPU
		{65F420F0-650E-4558-906E-777CB8621774}.Debug|Any CPU.ActiveCfg = Debug|Any CPU
		{65F420F0-650E-4558-906E-777CB8621774}.Debug|Any CPU.Build.0 = Debug|Any CPU
		{65F420F0-650E-4558-906E-777CB8621774}.Release|Any CPU.ActiveCfg = Release|Any CPU
		{65F420F0-650E-4558-906E-777CB8621774}.Release|Any CPU.Build.0 = Release|Any CPU
		{9B912954-3104-40E2-9E5E-FFFE7C466166}.Debug|Any CPU.ActiveCfg = Debug|Any CPU
		{9B912954-3104-40E2-9E5E-FFFE7C466166}.Debug|Any CPU.Build.0 = Debug|Any CPU
		{9B912954-3104-40E2-9E5E-FFFE7C466166}.Release|Any CPU.ActiveCfg = Release|Any CPU
		{9B912954-3104-40E2-9E5E-FFFE7C466166}.Release|Any CPU.Build.0 = Release|Any CPU
	EndGlobalSection
EndGlobal
